
Microsoft Visual Studio Solution File, Format Version 12.00
# Visual Studio 2012
Project("{FAE04EC0-301F-11D3-BF4B-00C04F79EFBC}") = "OpenBeast", "OpenBeast\OpenBeast.csproj", "{7444210C-2952-4801-814C-27EFBAE4D6F1}"
	GlobalSection(PureCMSourceControlProviderSolutionProperties) = preSolution
		SolutionIsControlled = True
	EndGlobalSection
EndProject
Project("{FAE04EC0-301F-11D3-BF4B-00C04F79EFBC}") = "WebApps", "OpenF2\WebApps.csproj", "{8FE57D8B-31FE-42EA-9927-17DA6A7A1247}"
	GlobalSection(PureCMSourceControlProviderSolutionProperties) = preSolution
		SolutionIsControlled = True
	EndGlobalSection
EndProject
Global
	GlobalSection(PureCMSourceControlProviderSolutionProperties) = preSolution
		SolutionIsControlled = True
	EndGlobalSection
	GlobalSection(SolutionConfigurationPlatforms) = preSolution
		Debug|Any CPU = Debug|Any CPU
		Release|Any CPU = Release|Any CPU
	EndGlobalSection
	GlobalSection(ProjectConfigurationPlatforms) = postSolution
		{7444210C-2952-4801-814C-27EFBAE4D6F1}.Debug|Any CPU.ActiveCfg = Debug|Any CPU
		{7444210C-2952-4801-814C-27EFBAE4D6F1}.Debug|Any CPU.Build.0 = Debug|Any CPU
		{7444210C-2952-4801-814C-27EFBAE4D6F1}.Release|Any CPU.ActiveCfg = Release|Any CPU
		{7444210C-2952-4801-814C-27EFBAE4D6F1}.Release|Any CPU.Build.0 = Release|Any CPU
		{8FE57D8B-31FE-42EA-9927-17DA6A7A1247}.Debug|Any CPU.ActiveCfg = Debug|Any CPU
		{8FE57D8B-31FE-42EA-9927-17DA6A7A1247}.Debug|Any CPU.Build.0 = Debug|Any CPU
		{8FE57D8B-31FE-42EA-9927-17DA6A7A1247}.Release|Any CPU.ActiveCfg = Release|Any CPU
		{8FE57D8B-31FE-42EA-9927-17DA6A7A1247}.Release|Any CPU.Build.0 = Release|Any CPU
	EndGlobalSection
	GlobalSection(SolutionProperties) = preSolution
		HideSolutionNode = FALSE
	EndGlobalSection
EndGlobal
