
Microsoft Visual Studio Solution File, Format Version 12.00
# Visual Studio 2012
Project("{FAE04EC0-301F-11D3-BF4B-00C04F79EFBC}") = "Savory", "Savory\Savory.csproj", "{FAE9161E-6931-466A-9C41-1B35F1AD6BDB}"
EndProject
Global
	GlobalSection(SolutionConfigurationPlatforms) = preSolution
		Debug|Any CPU = Debug|Any CPU
		Release|Any CPU = Release|Any CPU
	EndGlobalSection
	GlobalSection(ProjectConfigurationPlatforms) = postSolution
		{FAE9161E-6931-466A-9C41-1B35F1AD6BDB}.Debug|Any CPU.ActiveCfg = Debug|Any CPU
		{FAE9161E-6931-466A-9C41-1B35F1AD6BDB}.Debug|Any CPU.Build.0 = Debug|Any CPU
		{FAE9161E-6931-466A-9C41-1B35F1AD6BDB}.Release|Any CPU.ActiveCfg = Release|Any CPU
		{FAE9161E-6931-466A-9C41-1B35F1AD6BDB}.Release|Any CPU.Build.0 = Release|Any CPU
	EndGlobalSection
	GlobalSection(SolutionProperties) = preSolution
		HideSolutionNode = FALSE
	EndGlobalSection
EndGlobal
